
Microsoft Visual Studio Solution File, Format Version 12.00
# Visual Studio Version 17
VisualStudioVersion = 17.14.36327.8
MinimumVisualStudioVersion = 10.0.40219.1
Project("{FAE04EC0-301F-11D3-BF4B-00C04F79EFBC}") = "demo-api", "demo-api\demo-api.csproj", "{D4479047-80ED-4B6D-B68F-DF291146B8D5}"
EndProject
Project("{FAE04EC0-301F-11D3-BF4B-00C04F79EFBC}") = "Domain", "Domain\Domain.csproj", "{663B285E-4332-4F94-89D9-ED373B21C5C9}"
EndProject
Project("{FAE04EC0-301F-11D3-BF4B-00C04F79EFBC}") = "Infrastructure", "Infrastructure\Infrastructure.csproj", "{EED8483C-1FE1-43BF-8610-4CCEE3493CE9}"
EndProject
Project("{FAE04EC0-301F-11D3-BF4B-00C04F79EFBC}") = "Application", "Application\Application.csproj", "{DA1277FF-8A2E-4A63-A867-FAE98D6E87DA}"
EndProject
Project("{2150E333-8FDC-42A3-9474-1A3956D46DE8}") = "tests", "tests", "{02EA681E-C7D8-13C7-8484-4AC65E1B71E8}"
EndProject
Project("{2150E333-8FDC-42A3-9474-1A3956D46DE8}") = "src", "src", "{2CC4A3BA-FBD8-446E-970A-AE2760A31FF2}"
EndProject
Project("{FAE04EC0-301F-11D3-BF4B-00C04F79EFBC}") = "UnitTest", "UnitTest\UnitTest.csproj", "{AEE307E9-2225-483B-A33C-B85ECA9FEAA9}"
EndProject
Project("{FAE04EC0-301F-11D3-BF4B-00C04F79EFBC}") = "IntegrationTest", "IntegrationTest\IntegrationTest.csproj", "{F9FF2E1D-036D-4164-AEFA-2D997EA65C85}"
EndProject
Global
	GlobalSection(SolutionConfigurationPlatforms) = preSolution
		Debug|Any CPU = Debug|Any CPU
		Release|Any CPU = Release|Any CPU
	EndGlobalSection
	GlobalSection(ProjectConfigurationPlatforms) = postSolution
		{D4479047-80ED-4B6D-B68F-DF291146B8D5}.Debug|Any CPU.ActiveCfg = Debug|Any CPU
		{D4479047-80ED-4B6D-B68F-DF291146B8D5}.Debug|Any CPU.Build.0 = Debug|Any CPU
		{D4479047-80ED-4B6D-B68F-DF291146B8D5}.Release|Any CPU.ActiveCfg = Release|Any CPU
		{D4479047-80ED-4B6D-B68F-DF291146B8D5}.Release|Any CPU.Build.0 = Release|Any CPU
		{663B285E-4332-4F94-89D9-ED373B21C5C9}.Debug|Any CPU.ActiveCfg = Debug|Any CPU
		{663B285E-4332-4F94-89D9-ED373B21C5C9}.Debug|Any CPU.Build.0 = Debug|Any CPU
		{663B285E-4332-4F94-89D9-ED373B21C5C9}.Release|Any CPU.ActiveCfg = Release|Any CPU
		{663B285E-4332-4F94-89D9-ED373B21C5C9}.Release|Any CPU.Build.0 = Release|Any CPU
		{EED8483C-1FE1-43BF-8610-4CCEE3493CE9}.Debug|Any CPU.ActiveCfg = Debug|Any CPU
		{EED8483C-1FE1-43BF-8610-4CCEE3493CE9}.Debug|Any CPU.Build.0 = Debug|Any CPU
		{EED8483C-1FE1-43BF-8610-4CCEE3493CE9}.Release|Any CPU.ActiveCfg = Release|Any CPU
		{EED8483C-1FE1-43BF-8610-4CCEE3493CE9}.Release|Any CPU.Build.0 = Release|Any CPU
		{DA1277FF-8A2E-4A63-A867-FAE98D6E87DA}.Debug|Any CPU.ActiveCfg = Debug|Any CPU
		{DA1277FF-8A2E-4A63-A867-FAE98D6E87DA}.Debug|Any CPU.Build.0 = Debug|Any CPU
		{DA1277FF-8A2E-4A63-A867-FAE98D6E87DA}.Release|Any CPU.ActiveCfg = Release|Any CPU
		{DA1277FF-8A2E-4A63-A867-FAE98D6E87DA}.Release|Any CPU.Build.0 = Release|Any CPU
		{AEE307E9-2225-483B-A33C-B85ECA9FEAA9}.Debug|Any CPU.ActiveCfg = Debug|Any CPU
		{AEE307E9-2225-483B-A33C-B85ECA9FEAA9}.Debug|Any CPU.Build.0 = Debug|Any CPU
		{AEE307E9-2225-483B-A33C-B85ECA9FEAA9}.Release|Any CPU.ActiveCfg = Release|Any CPU
		{AEE307E9-2225-483B-A33C-B85ECA9FEAA9}.Release|Any CPU.Build.0 = Release|Any CPU
		{F9FF2E1D-036D-4164-AEFA-2D997EA65C85}.Debug|Any CPU.ActiveCfg = Debug|Any CPU
		{F9FF2E1D-036D-4164-AEFA-2D997EA65C85}.Debug|Any CPU.Build.0 = Debug|Any CPU
		{F9FF2E1D-036D-4164-AEFA-2D997EA65C85}.Release|Any CPU.ActiveCfg = Release|Any CPU
		{F9FF2E1D-036D-4164-AEFA-2D997EA65C85}.Release|Any CPU.Build.0 = Release|Any CPU
	EndGlobalSection
	GlobalSection(SolutionProperties) = preSolution
		HideSolutionNode = FALSE
	EndGlobalSection
	GlobalSection(NestedProjects) = preSolution
		{D4479047-80ED-4B6D-B68F-DF291146B8D5} = {2CC4A3BA-FBD8-446E-970A-AE2760A31FF2}
		{663B285E-4332-4F94-89D9-ED373B21C5C9} = {2CC4A3BA-FBD8-446E-970A-AE2760A31FF2}
		{EED8483C-1FE1-43BF-8610-4CCEE3493CE9} = {2CC4A3BA-FBD8-446E-970A-AE2760A31FF2}
		{DA1277FF-8A2E-4A63-A867-FAE98D6E87DA} = {2CC4A3BA-FBD8-446E-970A-AE2760A31FF2}
		{AEE307E9-2225-483B-A33C-B85ECA9FEAA9} = {02EA681E-C7D8-13C7-8484-4AC65E1B71E8}
		{F9FF2E1D-036D-4164-AEFA-2D997EA65C85} = {02EA681E-C7D8-13C7-8484-4AC65E1B71E8}
	EndGlobalSection
	GlobalSection(ExtensibilityGlobals) = postSolution
		SolutionGuid = {AD679279-BA26-487F-8CF6-EA33A1F878AA}
	EndGlobalSection
EndGlobal
